github.com/99designs/basicauth-go v0.0.0-20160802081356-2a93ba0f464d h1:j6oB/WPCigdOkxtuPl1VSIiLpy7Mdsu6phQffbF19Ng=
github.com/99designs/basicauth-go v0.0.0-20160802081356-2a93ba0f464d/go.mod h1:3cARGAK9CfW3HoxCy1a0G4TKrdiKke8ftOMEOHyySYs=
github.com/99designs/httpsignatures-go v0.0.0-20170731043157-88528bf4ca7e h1:rl2Aq4ZODqTDkeSqQBy+fzpZPamacO1Srp8zq7jf2Sc=
github.com/99designs/httpsignatures-go v0.0.0-20170731043157-88528bf4ca7e/go.mod h1:Xa6lInWHNQnuWoF0YPSsx+INFA9qk7/7pTjwb3PInkY=
github.com/alecthomas/template v0.0.0-20160405071501-a0175ee3bccc h1:cAKDfWh5VpdgMhJosfJnn5/FoN2SRZ4p7fJNX58YPaU=
github.com/alecthomas/template v0.0.0-20160405071501-a0175ee3bccc/go.mod h1:LOuyumcjzFXgccqObfd/Ljyb9UuFJ6TxHnclSeseNhc=
github.com/alecthomas/units v0.0.0-20151022065526-2efee857e7cf h1:qet1QNfXsQxTZqLG4oE62mJzwPIB8+Tee4RNCL9ulrY=
github.com/alecthomas/units v0.0.0-20151022065526-2efee857e7cf/go.mod h1:ybxpYRFXyAe+OPACYpWeL0wqObRcbAqCMya13uyzqw0=
github.com/bmatcuk/doublestar v1.1.1 h1:YroD6BJCZBYx06yYFEWvUuKVWQn3vLLQAVmDmvTSaiQ=
github.com/bmatcuk/doublestar v1.1.1/go.mod h1:UD6OnuiIn0yFxxA2le/rnRU1G4RaI4UvFv1sNto9p6w=
github.com/buildkite/yaml v2.1.0+incompatible h1:xirI+ql5GzfikVNDmt+yeiXpf/v1Gt03qXTtT5WXdr8=
github.com/buildkite/yaml v2.1.0+incompatible/go.mod h1:UoU8vbcwu1+vjZq01+KrpSeLBgQQIjL/H7Y6KwikUrI=
github.com/coreos/go-semver v0.3.0 h1:wkHLiw0WNATZnSG7epLsujiMCgPAc9xhjJ4tgnAxmfM=
github.com/coreos/go-semver v0.3.0/go.mod h1:nnelYz7RCh+5ahJtPPxZlU+153eP4D4r3EedlOD2RNk=
github.com/davecgh/go-spew v1.1.1/go.mod h1:J7Y8YcW2NihsgmVo/mv3lAwl/skON4iLHjSsI+c5H38=
github.com/dchest/uniuri v0.0.0-20160212164326-8902c56451e9 h1:74lLNRzvsdIlkTgfDSMuaPjBr4cf6k7pwQQANm/yLKU=
github.com/dchest/uniuri v0.0.0-20160212164326-8902c56451e9/go.mod h1:GgB8SF9nRG+GqaDtLcwJZsQFhcogVCJ79j4EdT0c2V4=
github.com/docker/go-units v0.4.0 h1:3uh0PgVws3nIA0Q+MwDC8yjEPf9zjRfZZWXZYDct3Tw=
github.com/docker/go-units v0.4.0/go.mod h1:fgPhTUdO+D/Jk86RDLlptpiXQzgHJF7gydDDbaIK4Dk=
github.com/drone/drone-git v1.0.0 h1:tH0wh5DZdxetIa0YGQYDZ7QFKTo/A7Osax8rLCpS65A=
github.com/drone/drone-git v1.0.0/go.mod h1:LlDJ8Flph3mxKMbxte5SFNlGxjKL+UkGhnU55Bhv9x4=
github.com/drone/drone-git v1.0.1-0.20190419151808-5b0a12bcb36c h1:S2zHmDJnEvfpo/oBknNsqkDZChotF6gRGBWAUf/0YOQ=
github.com/drone/drone-git v1.0.1-0.20190419151808-5b0a12bcb36c/go.mod h1:LlDJ8Flph3mxKMbxte5SFNlGxjKL+UkGhnU55Bhv9x4=
github.com/drone/drone-go v1.0.4 h1:Yom1lix1Lmk3KmKIsBSQJF1bw0YR2lDGaFQrXxqHMko=
github.com/drone/drone-go v1.0.4/go.mod h1:GxyeGClYohaKNYJv/ZpsmVHtMJ7WhoT+uDaJNcDIrk4=
github.com/drone/drone-go v1.0.5-0.20190427184118-618e4496482e h1:Z9dJNcs1IpyS52xsf5vjXMq7vSuBt48Il2dJgOzyCFM=
github.com/drone/drone-go v1.0.5-0.20190427184118-618e4496482e/go.mod h1:GxyeGClYohaKNYJv/ZpsmVHtMJ7WhoT+uDaJNcDIrk4=
github.com/drone/drone-go v1.0.5-0.20190504210458-4d6116b897ba h1:GKiT4UPBligLXJAP1zRllHvTUygAAlgS3t9LM9aasp0=
github.com/drone/drone-go v1.0.5-0.20190504210458-4d6116b897ba/go.mod h1:GxyeGClYohaKNYJv/ZpsmVHtMJ7WhoT+uDaJNcDIrk4=
github.com/drone/envsubst v1.0.2 h1:dpYLMAspQHW0a8dZpLRKe9jCNvIGZPhCPrycZzIHdqo=
github.com/drone/envsubst v1.0.2/go.mod h1:bkZbnc/2vh1M12Ecn7EYScpI4YGYU0etwLJICOWi8Z0=
github.com/drone/runner-go v0.0.0-20190524005754-0fefc63952a0 h1:o8ftgs0/PG/fbbgCNGjYHdP8U2hV5qaFccQNaAyeSFw=
github.com/drone/runner-go v0.0.0-20190524005754-0fefc63952a0/go.mod h1:lT7NYspLu7Ug6Rm9An5EQA6rDwOPXJUgWlvzkzTBVq4=
github.com/drone/runner-go v0.0.0-20190619215956-916ddfd601f5 h1:vAPx6IUPxBkCeWDHc1MpOE7x4E76/wWrM/BnmawmqKE=
github.com/drone/runner-go v0.0.0-20190619215956-916ddfd601f5/go.mod h1:lT7NYspLu7Ug6Rm9An5EQA6rDwOPXJUgWlvzkzTBVq4=
github.com/drone/runner-go v0.0.0-20190620225229-e86bd03a779b h1:U/QDn47gbastZhsCKjBTja9+02ikRBhvpCXFFvY3K/4=
github.com/drone/runner-go v0.0.0-20190620225229-e86bd03a779b/go.mod h1:lT7NYspLu7Ug6Rm9An5EQA6rDwOPXJUgWlvzkzTBVq4=
github.com/drone/runner-go v0.0.0-20190621004207-37a3cf2d0ecd h1:LfFIQ61PDGQzRtNb9VLDLL9w+Ld2Xbb7a0PsHwTsA+A=
github.com/drone/runner-go v0.0.0-20190621004207-37a3cf2d0ecd/go.mod h1:lT7NYspLu7Ug6Rm9An5EQA6rDwOPXJUgWlvzkzTBVq4=
github.com/drone/runner-go v0.0.0-20190621005307-d1b1bfbc50ad h1:wiDJbVKLCoWlRJJKH7hBtDnV+ljPSenf5J8gJ8/ccWI=
github.com/drone/runner-go v0.0.0-20190621005307-d1b1bfbc50ad/go.mod h1:lT7NYspLu7Ug6Rm9An5EQA6rDwOPXJUgWlvzkzTBVq4=
github.com/drone/runner-go v0.0.0-20190621010100-0653af0a6bbb h1:ag4ccTCMlRhc3s7lLtJX38ZiRMXkAdYWDDAPxFpBeaM=
github.com/drone/runner-go v0.0.0-20190621010100-0653af0a6bbb/go.mod h1:lT7NYspLu7Ug6Rm9An5EQA6rDwOPXJUgWlvzkzTBVq4=
github.com/drone/runner-go v0.0.0-20190621010811-042700a61c6a h1:AGKDazaz+tfl4Hlbav8GjghbKy2vtt8Ng5SaFa5gNJs=
github.com/drone/runner-go v0.0.0-20190621010811-042700a61c6a/go.mod h1:lT7NYspLu7Ug6Rm9An5EQA6rDwOPXJUgWlvzkzTBVq4=
github.com/drone/runner-go v0.0.0-20190621235024-5d8a09132936 h1:i5r7XTkqsBjZMmIJ5WiYxaBeLfGnS+rAXplfVTWdToU=
github.com/drone/runner-go v0.0.0-20190621235024-5d8a09132936/go.mod h1:lT7NYspLu7Ug6Rm9An5EQA6rDwOPXJUgWlvzkzTBVq4=
github.com/drone/runner-go v0.0.0-20190625165543-88789dc9f6b4 h1:SfavsCjQzKt7qXJmJ6Va1V95dpwgrVaP56EYAGK0Yfo=
github.com/drone/runner-go v0.0.0-20190625165543-88789dc9f6b4/go.mod h1:lT7NYspLu7Ug6Rm9An5EQA6rDwOPXJUgWlvzkzTBVq4=
github.com/drone/runner-go v0.0.0-20190625200427-ef4dd354dd7d h1:dn9wEaDqeDZme2fOp03renUI7MwrenhueQ7u489sq3w=
github.com/drone/runner-go v0.0.0-20190625200427-ef4dd354dd7d/go.mod h1:pCvfXxtLQWlLearYENEZk6ZFGu2WiCB7m5PfhzDw1Iw=
github.com/drone/runner-go v0.0.0-20190625205230-6d6fd1a46191 h1:2qMfMtnbrOaehCfVbz/bH1vJqCSlDmSfTnO/t/4ZQYg=
github.com/drone/runner-go v0.0.0-20190625205230-6d6fd1a46191/go.mod h1:ERIwuej247xwKAhlAO+FymqxzZ4rxUHGa+e55tydWAE=
github.com/drone/runner-go v0.0.0-20190626004225-fcdf0374e6ae h1:ANhJ+3MSZFbGeJ53ZYTbEm1D3q+LNy/HlZ/q9xVL+AA=
github.com/drone/runner-go v0.0.0-20190626004225-fcdf0374e6ae/go.mod h1:ERIwuej247xwKAhlAO+FymqxzZ4rxUHGa+e55tydWAE=
github.com/drone/runner-go v0.0.0-20190626013608-74beee79e8d5 h1:fwxNT2uaYuweNdYWLYMqYci8t7vGRdDq+f+ZDuofsMY=
github.com/drone/runner-go v0.0.0-20190626013608-74beee79e8d5/go.mod h1:ERIwuej247xwKAhlAO+FymqxzZ4rxUHGa+e55tydWAE=
github.com/drone/runner-go v0.0.0-20190626023043-870354da0260 h1:SwP34V6i8reOE2JuwgXUo/gjZPdZ8gZb109NwUTaG0w=
github.com/drone/runner-go v0.0.0-20190626023043-870354da0260/go.mod h1:ERIwuej247xwKAhlAO+FymqxzZ4rxUHGa+e55tydWAE=
github.com/drone/runner-go v0.0.0-20190626031927-dced0207794b h1:7igHlR/Y18zgnMKczhd7enWhTJxXLrcoutM+qVE2L+Y=
github.com/drone/runner-go v0.0.0-20190626031927-dced0207794b/go.mod h1:eb7w920JnUGCKkrBFhAKqDSRJCHjqSTW/010o+rWysY=
github.com/drone/runner-go v0.0.0-20190626182132-aaf83b306fd7 h1:8Inltqkmo8ET7vLCkmguipF58Om5S0+8dlwUtV54K0o=
github.com/drone/runner-go v0.0.0-20190626182132-aaf83b306fd7/go.mod h1:eb7w920JnUGCKkrBFhAKqDSRJCHjqSTW/010o+rWysY=
github.com/drone/runner-go v0.0.0-20190626190115-d9fb9a009818 h1:ioqxGvGQnsNlQGu32/YfOVylbUXVyR6nhtbNd3TuGZo=
github.com/drone/runner-go v0.0.0-20190626190115-d9fb9a009818/go.mod h1:eb7w920JnUGCKkrBFhAKqDSRJCHjqSTW/010o+rWysY=
github.com/drone/runner-go v0.0.0-20190626191621-aa1c2928ee6d h1:vm4l7gz9dHgXwtneXj8ygmLnmXH2o5CiCUqwvJaHsrs=
github.com/drone/runner-go v0.0.0-20190626191621-aa1c2928ee6d/go.mod h1:eb7w920JnUGCKkrBFhAKqDSRJCHjqSTW/010o+rWysY=
github.com/drone/runner-go v0.0.0-20190627061156-ccb85b93f4e5 h1:VGl6FP2+rqiTozdRggAlXqiYUaLshwLfaqknongbCrE=
github.com/drone/runner-go v0.0.0-20190627061156-ccb85b93f4e5/go.mod h1:eb7w920JnUGCKkrBFhAKqDSRJCHjqSTW/010o+rWysY=
github.com/drone/runner-go v0.0.0-20190627061858-6c57276ac42b h1:YDL/aRELXdZe4aNQUEIzpZntPLrCBOaqjTdZxcFzqLU=
github.com/drone/runner-go v0.0.0-20190627061858-6c57276ac42b/go.mod h1:eb7w920JnUGCKkrBFhAKqDSRJCHjqSTW/010o+rWysY=
github.com/drone/runner-go v0.0.0-20190627063302-eb7c5e87843e h1:DVcj7XlGudV4Uo1hSGpTUOeKwg0nYeTbhD+GvG4umPg=
github.com/drone/runner-go v0.0.0-20190627063302-eb7c5e87843e/go.mod h1:eb7w920JnUGCKkrBFhAKqDSRJCHjqSTW/010o+rWysY=
github.com/drone/runner-go v0.0.0-20190627214746-ac19a1f1eb5e h1:WGA6912jJ7nYIQwn1/pOgShdvgCf4BtNrYHEj1f/m7k=
github.com/drone/runner-go v0.0.0-20190627214746-ac19a1f1eb5e/go.mod h1:eb7w920JnUGCKkrBFhAKqDSRJCHjqSTW/010o+rWysY=
github.com/drone/runner-go v0.0.0-20190627220953-1874aaae72c8 h1:Zm513q5oGQVRTQiQfulSkqz3jwDUs0BZBD4Aete8ShU=
github.com/drone/runner-go v0.0.0-20190627220953-1874aaae72c8/go.mod h1:eb7w920JnUGCKkrBFhAKqDSRJCHjqSTW/010o+rWysY=
github.com/drone/runner-go v0.0.0-20190627221155-b962d1696329 h1:CfQ7o5dJtnXgUhjJWY2511lGmtTVSpf702QWG4JrkWc=
github.com/drone/runner-go v0.0.0-20190627221155-b962d1696329/go.mod h1:eb7w920JnUGCKkrBFhAKqDSRJCHjqSTW/010o+rWysY=
github.com/drone/runner-go v0.0.0-20190628223518-72c9c9f75987 h1:jJ0uQ1XKjyTpafuzWEsP/Qs0izLg+ieGvNG6k6Emp3A=
github.com/drone/runner-go v0.0.0-20190628223518-72c9c9f75987/go.mod h1:eb7w920JnUGCKkrBFhAKqDSRJCHjqSTW/010o+rWysY=
github.com/drone/runner-go v0.0.0-20190630060529-531290b2f685 h1:UYw/3/7rC4h3vleohGMkUF5T8xq8qSPKOLIFI5Q9ZL8=
github.com/drone/runner-go v0.0.0-20190630060529-531290b2f685/go.mod h1:+XIpVivm7KINzTD1oabOy+IwBKNBExl0Sqwhlh8E7/0=
github.com/drone/runner-go v0.0.0-20190630061040-3f1ed1ae5772 h1:H4te7POGWk3jKxuuEdzdyApb/kF+JslLENW3fJWhtcw=
github.com/drone/runner-go v0.0.0-20190630061040-3f1ed1ae5772/go.mod h1:+XIpVivm7KINzTD1oabOy+IwBKNBExl0Sqwhlh8E7/0=
github.com/drone/runner-go v0.0.0-20190630183735-fd0b93c72d6d h1:slspLsdVfL2yhjgG7NfqdVAqOgztaJhd1h5WAib+iJM=
github.com/drone/runner-go v0.0.0-20190630183735-fd0b93c72d6d/go.mod h1:+XIpVivm7KINzTD1oabOy+IwBKNBExl0Sqwhlh8E7/0=
github.com/drone/runner-go v0.0.0-20190630183937-2da009a51d16 h1:UkXzvWFcUAHq6CQ4WyoDF+8bDHjJQ1aswvhF676NwOw=
github.com/drone/runner-go v0.0.0-20190630183937-2da009a51d16/go.mod h1:+XIpVivm7KINzTD1oabOy+IwBKNBExl0Sqwhlh8E7/0=
github.com/drone/runner-go v0.0.0-20190701164326-5f0b2a6f67ca h1:TKTUOumtQUfOl2U2V9EuRNkbq1JwwN3OvNkh6ovl7hM=
github.com/drone/runner-go v0.0.0-20190701164326-5f0b2a6f67ca/go.mod h1:+XIpVivm7KINzTD1oabOy+IwBKNBExl0Sqwhlh8E7/0=
github.com/drone/runner-go v0.0.0-20190701180840-102fd9ab4f31 h1:LIfHGxM5831Ef7y3zBL0nTdEEEbug02KIb7Nu9HkQAo=
github.com/drone/runner-go v0.0.0-20190701180840-102fd9ab4f31/go.mod h1:+XIpVivm7KINzTD1oabOy+IwBKNBExl0Sqwhlh8E7/0=
github.com/drone/runner-go v1.0.1 h1:iHhq9ITMXOJpCPg60efj32EylU1zzqjT/PTP3MHUJpE=
github.com/drone/runner-go v1.0.1/go.mod h1:+XIpVivm7KINzTD1oabOy+IwBKNBExl0Sqwhlh8E7/0=
github.com/drone/runner-go v1.0.2-0.20190701222035-33c8695c30e6 h1:cAV1hQpijNJIoMkUoz4u4ta/qMXENk88lcyueqLaQ+c=
github.com/drone/runner-go v1.0.2-0.20190701222035-33c8695c30e6/go.mod h1:+XIpVivm7KINzTD1oabOy+IwBKNBExl0Sqwhlh8E7/0=
github.com/drone/runner-go v1.0.2 h1:0fJjK1vJUd+kNpkhQcsDu6um1l6KLapZ67jLlGpzXnY=
github.com/drone/runner-go v1.0.2/go.mod h1:+XIpVivm7KINzTD1oabOy+IwBKNBExl0Sqwhlh8E7/0=
github.com/drone/runner-go v1.0.3-0.20190709234833-9dc3e4fdca44 h1:uusrOr18eWVhaVb0X4Ps59kxPkW+ZWJQ0uqc2Nb8Bgg=
github.com/drone/runner-go v1.0.3-0.20190709234833-9dc3e4fdca44/go.mod h1:+XIpVivm7KINzTD1oabOy+IwBKNBExl0Sqwhlh8E7/0=
github.com/drone/runner-go v1.0.3-0.20190709235259-904ddb956d3e h1:nM5uHbH0n9hGkFWbklhkaA60d+JwJV8WV4Hq55bBTz4=
github.com/drone/runner-go v1.0.3-0.20190709235259-904ddb956d3e/go.mod h1:+XIpVivm7KINzTD1oabOy+IwBKNBExl0Sqwhlh8E7/0=
github.com/drone/runner-go v1.0.3-0.20190713190225-7c8c033936d5 h1:oq8j4VRLvEmAhNW/OCMh3+J/09TLrfCc2nwkiRko2lA=
github.com/drone/runner-go v1.0.3-0.20190713190225-7c8c033936d5/go.mod h1:+XIpVivm7KINzTD1oabOy+IwBKNBExl0Sqwhlh8E7/0=
github.com/drone/runner-go v1.0.3-0.20190713191023-711aa61628ab h1:4WzecOPLWSK2195yz1DJFDeogux5rKLvbLvj7ODMBcI=
github.com/drone/runner-go v1.0.3-0.20190713191023-711aa61628ab/go.mod h1:+XIpVivm7KINzTD1oabOy+IwBKNBExl0Sqwhlh8E7/0=
github.com/drone/runner-go v1.0.3-0.20190713192935-37f9499ff235 h1:7VwB/mzqiQKvllpglxpdTgrKS3xug77221YOVfop2mk=
github.com/drone/runner-go v1.0.3-0.20190713192935-37f9499ff235/go.mod h1:+XIpVivm7KINzTD1oabOy+IwBKNBExl0Sqwhlh8E7/0=
github.com/drone/runner-go v1.0.3-0.20190713194251-b79aa95c5515 h1:b7AMPuUj9v6s6y4zLZrVlhvv2/9yz9zhueBoS/QGc14=
github.com/drone/runner-go v1.0.3-0.20190713194251-b79aa95c5515/go.mod h1:+XIpVivm7KINzTD1oabOy+IwBKNBExl0Sqwhlh8E7/0=
github.com/drone/runner-go v1.0.3-0.20190713200200-360c528c4867 h1:em0ZBPRAQUWPTqMO+Snc519jlOp+1gAh+w9NU4V5V6s=
github.com/drone/runner-go v1.0.3-0.20190713200200-360c528c4867/go.mod h1:+XIpVivm7KINzTD1oabOy+IwBKNBExl0Sqwhlh8E7/0=
github.com/drone/runner-go v1.0.3-0.20190713202319-9d455b9e2339 h1:seb2m5W4G5OEY9PCffGZto3PTsYpJPxingyo9waVTq4=
github.com/drone/runner-go v1.0.3-0.20190713202319-9d455b9e2339/go.mod h1:+XIpVivm7KINzTD1oabOy+IwBKNBExl0Sqwhlh8E7/0=
github.com/drone/runner-go v1.0.3-0.20190714030253-e60b1dd15b2e h1:DecayAEd7kUmCS1NGn0WaqJcWYc57spn239lLC9OIjk=
github.com/drone/runner-go v1.0.3-0.20190714030253-e60b1dd15b2e/go.mod h1:+XIpVivm7KINzTD1oabOy+IwBKNBExl0Sqwhlh8E7/0=
github.com/drone/runner-go v1.0.3-0.20190714031214-7cd4588fa18c h1:N/G/Pcs5rvnx9m3r0CfpUcx3eMIJtWuXpn9VMAlXfT4=
github.com/drone/runner-go v1.0.3-0.20190714031214-7cd4588fa18c/go.mod h1:+XIpVivm7KINzTD1oabOy+IwBKNBExl0Sqwhlh8E7/0=
github.com/drone/runner-go v1.0.3-0.20190714031507-07f47eebd652 h1:UBlS8LhAgYMbK+DYi70MfXJWt3WKPUkdUDmEdOaucvw=
github.com/drone/runner-go v1.0.3-0.20190714031507-07f47eebd652/go.mod h1:+XIpVivm7KINzTD1oabOy+IwBKNBExl0Sqwhlh8E7/0=
github.com/drone/runner-go v1.0.3-0.20190714032359-d66f46628608 h1:VSS7QtnVeyRAeRXV+Jkkojdqk/RU+NG7C7+XHWrfX3g=
github.com/drone/runner-go v1.0.3-0.20190714032359-d66f46628608/go.mod h1:+XIpVivm7KINzTD1oabOy+IwBKNBExl0Sqwhlh8E7/0=
github.com/drone/runner-go v1.0.3-0.20190714032528-d17fc7a2e3b6 h1:1vPPq+9M9WsIhlWx4anGCnVAHx2IXVi+j3tx0rSxRNY=
github.com/drone/runner-go v1.0.3-0.20190714032528-d17fc7a2e3b6/go.mod h1:+XIpVivm7KINzTD1oabOy+IwBKNBExl0Sqwhlh8E7/0=
github.com/drone/runner-go v1.0.3-0.20190714035440-594c7f9cab64 h1:MHqv2h9pzKFQTYMs6+sJhMrAZfgPns5BjItjdO+Hg0s=
github.com/drone/runner-go v1.0.3-0.20190714035440-594c7f9cab64/go.mod h1:+XIpVivm7KINzTD1oabOy+IwBKNBExl0Sqwhlh8E7/0=
github.com/drone/runner-go v1.0.3-0.20190714040135-b708f113a600 h1:WsaiKn20xiOO9K/Y2LV/5kiijPSxfajoMSibUcnkWs4=
github.com/drone/runner-go v1.0.3-0.20190714040135-b708f113a600/go.mod h1:+XIpVivm7KINzTD1oabOy+IwBKNBExl0Sqwhlh8E7/0=
github.com/drone/runner-go v1.0.3-0.20190714040336-c2527f444623 h1:B8Y3qjJrStDKZNVMRUgksLrrF0+4Z/Io5LdISUzb6Lw=
github.com/drone/runner-go v1.0.3-0.20190714040336-c2527f444623/go.mod h1:+XIpVivm7KINzTD1oabOy+IwBKNBExl0Sqwhlh8E7/0=
github.com/drone/runner-go v1.0.3-0.20190714181819-48f68a1e1ba2 h1:ZjNJ1pStpGzRhpuPCNOJhRRcN3MtA3SGTq21eO5VQEo=
github.com/drone/runner-go v1.0.3-0.20190714181819-48f68a1e1ba2/go.mod h1:+XIpVivm7KINzTD1oabOy+IwBKNBExl0Sqwhlh8E7/0=
github.com/drone/runner-go v1.0.3-0.20190714194326-0c4ca1694757 h1:txaCZC8GtYeiRL0q+f0m/m7OQrmqFJrt8jarR+3fcIg=
github.com/drone/runner-go v1.0.3-0.20190714194326-0c4ca1694757/go.mod h1:+XIpVivm7KINzTD1oabOy+IwBKNBExl0Sqwhlh8E7/0=
github.com/drone/runner-go v1.1.0 h1:x2UEG8POjACkN28tqyHOEffZ4V4XUjea95lSbzx+xPY=
github.com/drone/runner-go v1.1.1-0.20190715025214-8ab777d82234 h1:tMsKKqRC5UxypcDRDUwIaEjYa2JtV4YVmvFtIYoNUNo=
github.com/drone/runner-go v1.1.1-0.20190715025214-8ab777d82234/go.mod h1:+XIpVivm7KINzTD1oabOy+IwBKNBExl0Sqwhlh8E7/0=
github.com/drone/runner-go v1.1.1-0.20190715182255-1c863ab7b042 h1:KAuPeK2bf0UMA/PegB4LLrzqwuHIGB2fzFeUf8pygwM=
github.com/drone/runner-go v1.1.1-0.20190715182255-1c863ab7b042/go.mod h1:GvB5hX023g0n5UZUjMBmudk6givdDDuLcls7Nolm5v8=
github.com/drone/runner-go v1.1.1-0.20190716043234-8449fe8013cd h1:DKxgLLjdzPUNuJVpLUIndY2amxR1ciLxqIXaoy4/SYA=
github.com/drone/runner-go v1.1.1-0.20190716043234-8449fe8013cd/go.mod h1:GvB5hX023g0n5UZUjMBmudk6givdDDuLcls7Nolm5v8=
github.com/drone/runner-go v1.1.1-0.20190716195006-0bfd1dd0dea7 h1:AnDOXch5iAR+JNRtr4aHTL4qt1yHJnEjsJXQ9iJ5es4=
github.com/drone/runner-go v1.1.1-0.20190716195006-0bfd1dd0dea7/go.mod h1:GvB5hX023g0n5UZUjMBmudk6givdDDuLcls7Nolm5v8=
github.com/drone/runner-go v1.2.1 h1:7ZWnOwfCG5TlaA7SFvgYCaK3X4nnxidaG77l3kqcy90=
github.com/drone/runner-go v1.2.1/go.mod h1:GvB5hX023g0n5UZUjMBmudk6givdDDuLcls7Nolm5v8=
github.com/drone/runner-go v1.2.2 h1:fwYgjyJl6KdjQGEUFof9+HLtNpK3iHq7UuR+/aYNyDk=
github.com/drone/runner-go v1.2.2/go.mod h1:GvB5hX023g0n5UZUjMBmudk6givdDDuLcls7Nolm5v8=
github.com/drone/runner-go v1.3.1 h1:RNLOQOH0EZD0vMT1SDQUPReVOnh1Wbx1D9gQyKH1McI=
github.com/drone/runner-go v1.3.1/go.mod h1:61VgQWhZbNPXp01lBuR7PAztTMySGLnMzK/4oYE3D9Y=
github.com/drone/signal v1.0.0 h1:NrnM2M/4yAuU/tXs6RP1a1ZfxnaHwYkd0kJurA1p6uI=
github.com/drone/signal v1.0.0/go.mod h1:S8t92eFT0g4WUgEc/LxG+LCuiskpMNsG0ajAMGnyZpc=
github.com/golang/mock v1.3.1 h1:qGJ6qTW+x6xX/my+8YUVl4WNpX9B7+/l2tRsHGZ7f2s=
github.com/golang/mock v1.3.1/go.mod h1:sBzyDLLjw3U8JLTeZvSv8jJB+tU5PVekmnlKIyFUx0Y=
github.com/google/go-cmp v0.2.0/go.mod h1:oXzfMopK8JAjlY9xF4vHSVASa0yLyX7SntLO5aqRK0M=
github.com/google/go-cmp v0.3.0 h1:crn/baboCvb5fXaQ0IJ1SGTsTVrWpDsCWC8EGETZijY=
github.com/google/go-cmp v0.3.0/go.mod h1:8QqcDgzrUqlUb/G2PQTWiueGozuR1884gddMywk6iLU=
github.com/gosimple/slug v1.5.0 h1:AIIjgCjHcLpX8LzM2NpG4QGW9kUfqv0OLiFRfPv/H3E=
github.com/gosimple/slug v1.5.0/go.mod h1:ER78kgg1Mv0NQGlXiDe57DpCyfbNywXXZ9mIorhxAf0=
github.com/hashicorp/errwrap v1.0.0 h1:hLrqtEDnRye3+sgx6z4qVLNuviH3MR5aQ0ykNJa/UYA=
github.com/hashicorp/errwrap v1.0.0/go.mod h1:YH+1FKiLXxHSkmPseP+kNlulaMuP3n2brvKWEqk/Jc4=
github.com/hashicorp/go-multierror v1.0.0 h1:iVjPR7a6H0tWELX5NxNe7bYopibicUzc7uPribsnS6o=
github.com/hashicorp/go-multierror v1.0.0/go.mod h1:dHtQlpGsu+cZNNAkkCN/P3hoUDHhCYQXV3UM06sGGrk=
github.com/joho/godotenv v1.3.0 h1:Zjp+RcGpHhGlrMbJzXTrZZPrWj+1vfm90La1wgB6Bhc=
github.com/joho/godotenv v1.3.0/go.mod h1:7hK45KPybAkOC6peb+G5yklZfMxEjkZhHbwpqxOKXbg=
github.com/kardianos/service v1.0.0 h1:HgQS3mFfOlyntWX8Oke98JcJLqt1DBcHR4kxShpYef0=
github.com/kardianos/service v1.0.0/go.mod h1:8CzDhVuCuugtsHyZoTvsOBuvonN/UDBvl0kH+BUxvbo=
github.com/kelseyhightower/envconfig v1.3.0 h1:IvRS4f2VcIQy6j4ORGIf9145T/AsUB+oY8LyvN8BXNM=
github.com/kelseyhightower/envconfig v1.3.0/go.mod h1:cccZRl6mQpaq41TPp5QxidR+Sa3axMbJDNb//FQX6Gg=
github.com/konsorten/go-windows-terminal-sequences v1.0.1 h1:mweAR1A6xJ3oS2pRaGiHgQ4OO8tzTaLawm8vnODuwDk=
github.com/konsorten/go-windows-terminal-sequences v1.0.1/go.mod h1:T0+1ngSBFLxvqU3pZ+m/2kptfBszLMUkC4ZK/EgS/cQ=
github.com/mattn/go-isatty v0.0.8 h1:HLtExJ+uU2HOZ+wI0Tt5DtUDrx8yhUqDcp7fYERX4CE=
github.com/mattn/go-isatty v0.0.8/go.mod h1:Iq45c/XA43vh69/j3iqttzPXn0bhXyGjM0Hdxcsrc5s=
github.com/natessilva/dag v0.0.0-20180124060714-7194b8dcc5c4 h1:dnMxwus89s86tI8rcGVp2HwZzlz7c5o92VOy7dSckBQ=
github.com/natessilva/dag v0.0.0-20180124060714-7194b8dcc5c4/go.mod h1:cojhOHk1gbMeklOyDP2oKKLftefXoJreOQGOrXk+Z38=
github.com/orandin/lumberjackrus v1.0.1 h1:7ysDQ0MHD79zIFN9/EiDHjUcgopNi5ehtxFDy8rUkWo=
github.com/orandin/lumberjackrus v1.0.1/go.mod h1:xYLt6H8W93pKnQgUQaxsApS0Eb4BwHLOkxk5DVzf5H0=
github.com/pmezard/go-difflib v1.0.0/go.mod h1:iKH77koFhYxTK1pcRnkKkqfTogsbg7gZNVY4sRDYZ/4=
github.com/rainycape/unidecode v0.0.0-20150907023854-cb7f23ec59be h1:ta7tUOvsPHVHGom5hKW5VXNc2xZIkfCKP8iaqOyYtUQ=
github.com/rainycape/unidecode v0.0.0-20150907023854-cb7f23ec59be/go.mod h1:MIDFMn7db1kT65GmV94GzpX9Qdi7N/pQlwb+AN8wh+Q=
github.com/sirupsen/logrus v1.4.1 h1:GL2rEmy6nsikmW0r8opw9JIRScdMF5hA8cOYLH7In1k=
github.com/sirupsen/logrus v1.4.1/go.mod h1:ni0Sbl8bgC9z8RoU9G6nDWqqs/fq4eDPysMBDgk/93Q=
github.com/sirupsen/logrus v1.4.2 h1:SPIRibHv4MatM3XXNO2BJeFLZwZ2LvZgfQ5+UNI2im4=
github.com/sirupsen/logrus v1.4.2/go.mod h1:tLMulIdttU9McNUspp0xgXVQah82FyeX6MwdIuYE2rE=
github.com/sirupsen/logrus v1.8.1 h1:dJKuHgqk1NNQlqoA6BTlM1Wf9DOH3NBjQyu0h9+AZZE=
github.com/sirupsen/logrus v1.8.1/go.mod h1:yWOB1SBYBC5VeMP7gHvWumXLIWorT60ONWic61uBYv0=
github.com/stretchr/objx v0.1.1/go.mod h1:HFkY916IF+rwdDfMAkV7OtwuqBVzrE8GR6GFx+wExME=
github.com/stretchr/testify v1.2.2/go.mod h1:a8OnRcib4nhh0OaRAV+Yts87kKdq0PP7pXfy6kDkUVs=
golang.org/x/crypto v0.0.0-20190308221718-c2843e01d9a2/go.mod h1:djNgcEr1/C05ACkg1iLfiJU5Ep61QUkGW8qpdssI0+w=
golang.org/x/crypto v0.0.0-20190621222207-cc06ce4a13d4 h1:ydJNl0ENAG67pFbB+9tfhiL2pYqLhfoaZFw/cjLhY4A=
golang.org/x/crypto v0.0.0-20190621222207-cc06ce4a13d4/go.mod h1:yigFU9vqHzYiE8UmvKecakEJjdnWj3jj499lnFckfCI=
golang.org/x/net v0.0.0-20190311183353-d8887717615a/go.mod h1:t9HGtf8HONx5eT2rtn7q6eTqICYqUVnKs3thJo3Qplg=
golang.org/x/net v0.0.0-20190404232315-eb5bcb51f2a3 h1:0GoQqolDA55aaLxZyTzK/Y2ePZzZTUrRacwib7cNsYQ=
golang.org/x/net v0.0.0-20190404232315-eb5bcb51f2a3/go.mod h1:t9HGtf8HONx5eT2rtn7q6eTqICYqUVnKs3thJo3Qplg=
golang.org/x/sync v0.0.0-20190423024810-112230192c58 h1:8gQV6CLnAEikrhgkHFbMAEhagSSnXWGV915qUMm9mrU=
golang.org/x/sync v0.0.0-20190423024810-112230192c58/go.mod h1:RxMgew5VJxzue5/jJTE5uejpjVlOe/izrB70Jof72aM=
golang.org/x/sys v0.0.0-20180905080454-ebe1bf3edb33 h1:I6FyU15t786LL7oL/hn43zqTuEGr4PN7F4XJ1p4E3Y8=
golang.org/x/sys v0.0.0-20180905080454-ebe1bf3edb33/go.mod h1:STP8DvDyc/dI5b8T5hshtkjS+E42TnysNCUPdjciGhY=
golang.org/x/sys v0.0.0-20190204203706-41f3e6584952/go.mod h1:STP8DvDyc/dI5b8T5hshtkjS+E42TnysNCUPdjciGhY=
golang.org/x/sys v0.0.0-20190215142949-d0b11bdaac8a/go.mod h1:STP8DvDyc/dI5b8T5hshtkjS+E42TnysNCUPdjciGhY=
golang.org/x/sys v0.0.0-20190222072716-a9d3bda3a223 h1:DH4skfRX4EBpamg7iV4ZlCpblAHI6s6TDM39bFZumv8=
golang.org/x/sys v0.0.0-20190222072716-a9d3bda3a223/go.mod h1:STP8DvDyc/dI5b8T5hshtkjS+E42TnysNCUPdjciGhY=
golang.org/x/sys v0.0.0-20190412213103-97732733099d h1:+R4KGOnez64A81RvjARKc4UT5/tI9ujCIVX+P5KiHuI=
golang.org/x/sys v0.0.0-20190412213103-97732733099d/go.mod h1:h1NjWce9XRLGQEsW7wpKNCjG9DtNlClVuFLEZdDNbEs=
golang.org/x/sys v0.0.0-20190422165155-953cdadca894 h1:Cz4ceDQGXuKRnVBDTS23GTn/pU5OE2C0WrNTOYK1Uuc=
golang.org/x/sys v0.0.0-20190422165155-953cdadca894/go.mod h1:h1NjWce9XRLGQEsW7wpKNCjG9DtNlClVuFLEZdDNbEs=
golang.org/x/sys v0.0.0-20191026070338-33540a1f6037/go.mod h1:h1NjWce9XRLGQEsW7wpKNCjG9DtNlClVuFLEZdDNbEs=
golang.org/x/sys v0.0.0-20220520151302-bc2c85ada10a h1:dGzPydgVsqGcTRVwiLJ1jVbufYwmzD3LfVPLKsKg+0k=
golang.org/x/sys v0.0.0-20220520151302-bc2c85ada10a/go.mod h1:oPkhp1MJrh7nUepCBck5+mAzfO9JrbApNNgaTdGDITg=
golang.org/x/text v0.3.0 h1:g61tztE5qeGQ89tm6NTjjM9VPIm088od1l6aSorWRWg=
golang.org/x/text v0.3.0/go.mod h1:NqM8EUOU14njkJ3fqMW+pc6Ldnwhi/IjpwHt7yyuwOQ=
golang.org/x/tools v0.0.0-20190425150028-36563e24a262/go.mod h1:RgjU9mgBXZiqYHBnxXauZ1Gv1EHHAz9KjViQ78xBX0Q=
gopkg.in/alecthomas/kingpin.v2 v2.2.6 h1:jMFz6MfLP0/4fUyZle81rXUoxOBFi19VUFKVDOQfozc=
gopkg.in/alecthomas/kingpin.v2 v2.2.6/go.mod h1:FMv+mEhP44yOT+4EoQTLFTRgOQ1FBLkstjWtayDeSgw=
gopkg.in/check.v1 v0.0.0-20161208181325-20d25e280405/go.mod h1:Co6ibVJAznAaIkqp8huTwlJQCZ016jof/cbN4VW5Yz0=
gopkg.in/natefinch/lumberjack.v2 v2.0.0 h1:1Lc07Kr7qY4U2YPouBjpCLxpiyxIVoxqXgkXLknAOE8=
gopkg.in/natefinch/lumberjack.v2 v2.0.0/go.mod h1:l0ndWWf7gzL7RNwBG7wST/UCcT4T24xpD6X8LsfU/+k=
gopkg.in/yaml.v2 v2.2.2 h1:ZCJp+EgiOT7lHqUV2J862kp8Qj64Jo6az82+3Td9dZw=
gopkg.in/yaml.v2 v2.2.2/go.mod h1:hI93XBmqTisBFMUTm0b8Fm+jr3Dg1NNxqwp+5A1VGuI=
